
Microsoft Visual Studio Solution File, Format Version 12.00
# Visual Studio Version 17
VisualStudioVersion = 17.9.34616.47
MinimumVisualStudioVersion = 10.0.40219.1
Project("{FAE04EC0-301F-11D3-BF4B-00C04F79EFBC}") = "BlogWebY", "BlogWebY\BlogWebY.csproj", "{5B3C7FDA-1A73-48CA-8AB8-E6E77A719F05}"
EndProject
Project("{FAE04EC0-301F-11D3-BF4B-00C04F79EFBC}") = "BlogWebY.Entity", "BlogWebY.Entity\BlogWebY.Entity.csproj", "{50F788A0-E9A8-42F4-BDAA-1B8163B980E6}"
EndProject
Project("{FAE04EC0-301F-11D3-BF4B-00C04F79EFBC}") = "BlogWebY.Data", "BlogWebY.Data\BlogWebY.Data.csproj", "{97417D5F-3C03-42C8-ACDF-AC40A532A6C3}"
EndProject
Project("{FAE04EC0-301F-11D3-BF4B-00C04F79EFBC}") = "BlogWebY.Service", "BlogWebY.Service\BlogWebY.Service.csproj", "{9E7E0F3C-F77A-4C31-A5AC-C4AF68150CA9}"
EndProject
Project("{FAE04EC0-301F-11D3-BF4B-00C04F79EFBC}") = "BlogWebY.Core", "BlogWebY.Core\BlogWebY.Core.csproj", "{91A4E572-5996-4A73-81F5-7CF65374D847}"
EndProject
Global
	GlobalSection(SolutionConfigurationPlatforms) = preSolution
		Debug|Any CPU = Debug|Any CPU
		Release|Any CPU = Release|Any CPU
	EndGlobalSection
	GlobalSection(ProjectConfigurationPlatforms) = postSolution
		{5B3C7FDA-1A73-48CA-8AB8-E6E77A719F05}.Debug|Any CPU.ActiveCfg = Debug|Any CPU
		{5B3C7FDA-1A73-48CA-8AB8-E6E77A719F05}.Debug|Any CPU.Build.0 = Debug|Any CPU
		{5B3C7FDA-1A73-48CA-8AB8-E6E77A719F05}.Release|Any CPU.ActiveCfg = Release|Any CPU
		{5B3C7FDA-1A73-48CA-8AB8-E6E77A719F05}.Release|Any CPU.Build.0 = Release|Any CPU
		{50F788A0-E9A8-42F4-BDAA-1B8163B980E6}.Debug|Any CPU.ActiveCfg = Debug|Any CPU
		{50F788A0-E9A8-42F4-BDAA-1B8163B980E6}.Debug|Any CPU.Build.0 = Debug|Any CPU
		{50F788A0-E9A8-42F4-BDAA-1B8163B980E6}.Release|Any CPU.ActiveCfg = Release|Any CPU
		{50F788A0-E9A8-42F4-BDAA-1B8163B980E6}.Release|Any CPU.Build.0 = Release|Any CPU
		{97417D5F-3C03-42C8-ACDF-AC40A532A6C3}.Debug|Any CPU.ActiveCfg = Debug|Any CPU
		{97417D5F-3C03-42C8-ACDF-AC40A532A6C3}.Debug|Any CPU.Build.0 = Debug|Any CPU
		{97417D5F-3C03-42C8-ACDF-AC40A532A6C3}.Release|Any CPU.ActiveCfg = Release|Any CPU
		{97417D5F-3C03-42C8-ACDF-AC40A532A6C3}.Release|Any CPU.Build.0 = Release|Any CPU
		{9E7E0F3C-F77A-4C31-A5AC-C4AF68150CA9}.Debug|Any CPU.ActiveCfg = Debug|Any CPU
		{9E7E0F3C-F77A-4C31-A5AC-C4AF68150CA9}.Debug|Any CPU.Build.0 = Debug|Any CPU
		{9E7E0F3C-F77A-4C31-A5AC-C4AF68150CA9}.Release|Any CPU.ActiveCfg = Release|Any CPU
		{9E7E0F3C-F77A-4C31-A5AC-C4AF68150CA9}.Release|Any CPU.Build.0 = Release|Any CPU
		{91A4E572-5996-4A73-81F5-7CF65374D847}.Debug|Any CPU.ActiveCfg = Debug|Any CPU
		{91A4E572-5996-4A73-81F5-7CF65374D847}.Debug|Any CPU.Build.0 = Debug|Any CPU
		{91A4E572-5996-4A73-81F5-7CF65374D847}.Release|Any CPU.ActiveCfg = Release|Any CPU
		{91A4E572-5996-4A73-81F5-7CF65374D847}.Release|Any CPU.Build.0 = Release|Any CPU
	EndGlobalSection
	GlobalSection(SolutionProperties) = preSolution
		HideSolutionNode = FALSE
	EndGlobalSection
	GlobalSection(ExtensibilityGlobals) = postSolution
		SolutionGuid = {BCB8DBEF-04B1-4E1B-B53C-8BBF8DF288B9}
	EndGlobalSection
EndGlobal
